
Microsoft Visual Studio Solution File, Format Version 12.00
# Visual Studio 15
VisualStudioVersion = 15.0.28010.2016
MinimumVisualStudioVersion = 10.0.40219.1
Project("{FAE04EC0-301F-11D3-BF4B-00C04F79EFBC}") = "Invoice Total", "Invoice Total\Invoice Total.csproj", "{8C149E24-5662-41B9-A10D-CEC0D568407C}"
EndProject
Global
	GlobalSection(SolutionConfigurationPlatforms) = preSolution
		Debug|Any CPU = Debug|Any CPU
		Release|Any CPU = Release|Any CPU
	EndGlobalSection
	GlobalSection(ProjectConfigurationPlatforms) = postSolution
		{8C149E24-5662-41B9-A10D-CEC0D568407C}.Debug|Any CPU.ActiveCfg = Debug|Any CPU
		{8C149E24-5662-41B9-A10D-CEC0D568407C}.Debug|Any CPU.Build.0 = Debug|Any CPU
		{8C149E24-5662-41B9-A10D-CEC0D568407C}.Release|Any CPU.ActiveCfg = Release|Any CPU
		{8C149E24-5662-41B9-A10D-CEC0D568407C}.Release|Any CPU.Build.0 = Release|Any CPU
	EndGlobalSection
	GlobalSection(SolutionProperties) = preSolution
		HideSolutionNode = FALSE
	EndGlobalSection
	GlobalSection(ExtensibilityGlobals) = postSolution
		SolutionGuid = {1CB2C787-7562-4215-B17B-D6E4C98F7ACB}
	EndGlobalSection
EndGlobal
